
Microsoft Visual Studio Solution File, Format Version 10.00
# Visual Studio 2008
Project("{FAE04EC0-301F-11D3-BF4B-00C04F79EFBC}") = "Bejeweled", "Bejeweled\Bejeweled.csproj", "{7C957E17-3446-4226-B703-32530170E097}"
EndProject
Project("{FAE04EC0-301F-11D3-BF4B-00C04F79EFBC}") = "Bejeweled.Web", "Bejeweled.Web\Bejeweled.Web.csproj", "{07B9196B-DB3E-44B1-9012-D107F3319F2D}"
EndProject
Global
	GlobalSection(SubversionScc) = preSolution
		Svn-Managed = True
		Manager = AnkhSVN - Subversion Support for Visual Studio
	EndGlobalSection
	GlobalSection(SolutionConfigurationPlatforms) = preSolution
		Debug|Any CPU = Debug|Any CPU
		Release|Any CPU = Release|Any CPU
	EndGlobalSection
	GlobalSection(ProjectConfigurationPlatforms) = postSolution
		{7C957E17-3446-4226-B703-32530170E097}.Debug|Any CPU.ActiveCfg = Debug|Any CPU
		{7C957E17-3446-4226-B703-32530170E097}.Debug|Any CPU.Build.0 = Debug|Any CPU
		{7C957E17-3446-4226-B703-32530170E097}.Release|Any CPU.ActiveCfg = Release|Any CPU
		{7C957E17-3446-4226-B703-32530170E097}.Release|Any CPU.Build.0 = Release|Any CPU
		{07B9196B-DB3E-44B1-9012-D107F3319F2D}.Debug|Any CPU.ActiveCfg = Debug|Any CPU
		{07B9196B-DB3E-44B1-9012-D107F3319F2D}.Debug|Any CPU.Build.0 = Debug|Any CPU
		{07B9196B-DB3E-44B1-9012-D107F3319F2D}.Release|Any CPU.ActiveCfg = Release|Any CPU
		{07B9196B-DB3E-44B1-9012-D107F3319F2D}.Release|Any CPU.Build.0 = Release|Any CPU
	EndGlobalSection
	GlobalSection(SolutionProperties) = preSolution
		HideSolutionNode = FALSE
	EndGlobalSection
EndGlobal
