
Microsoft Visual Studio Solution File, Format Version 10.00
# Visual Studio 2008
Project("{FAE04EC0-301F-11D3-BF4B-00C04F79EFBC}") = "DAL", "DAL\DAL.csproj", "{B5FB0399-580B-4F40-8AF1-3999FC6312CB}"
EndProject
Project("{FAE04EC0-301F-11D3-BF4B-00C04F79EFBC}") = "DataCenter", "DataCenter\DataCenter.csproj", "{EB257EA3-E3D8-4BCD-AE21-1C8E5A3E2E2F}"
EndProject
Project("{FAE04EC0-301F-11D3-BF4B-00C04F79EFBC}") = "Test1", "Test1\Test1.csproj", "{19891425-AAAF-42CF-B18D-EE44CA615F00}"
EndProject
Project("{FAE04EC0-301F-11D3-BF4B-00C04F79EFBC}") = "ConosleHelper", "ConosleHelper\ConosleHelper.csproj", "{94780E41-9078-4D3B-B2FD-464A0B54D79D}"
EndProject
Project("{FAE04EC0-301F-11D3-BF4B-00C04F79EFBC}") = "Test2", "Test2\Test2.csproj", "{3A6B3A6A-2EE3-4A39-9B85-B903B7E7E038}"
EndProject
Project("{FAE04EC0-301F-11D3-BF4B-00C04F79EFBC}") = "Extensions", "Extensions\Extensions.csproj", "{BCF3DAA8-8ED5-4F40-A14D-4787198143D5}"
EndProject
Project("{FAE04EC0-301F-11D3-BF4B-00C04F79EFBC}") = "Constructs", "Constructs\Constructs.csproj", "{301592A6-B6EA-44A3-A24D-7C4CCAC4726C}"
EndProject
Project("{FAE04EC0-301F-11D3-BF4B-00C04F79EFBC}") = "Test_RollServer", "Test_RollServer\Test_RollServer.csproj", "{E25166B3-E855-4358-B7EA-D6146A9B3E45}"
EndProject
Project("{FAE04EC0-301F-11D3-BF4B-00C04F79EFBC}") = "Test_RollClient", "Test_RollClient\Test_RollClient.csproj", "{5E8E1E2D-8FBE-4BE8-8E57-A9BBE81A6FAD}"
EndProject
Project("{FAE04EC0-301F-11D3-BF4B-00C04F79EFBC}") = "ZBWZ_RoolServer", "ZBWZ_RoolServer\ZBWZ_RoolServer.csproj", "{22CFD82D-2429-4947-B59D-7534D44E5E38}"
EndProject
Project("{FAE04EC0-301F-11D3-BF4B-00C04F79EFBC}") = "ZBWZ_RoolClient", "ZBWZ_RoolClient\ZBWZ_RoolClient.csproj", "{5B1244A3-6E9C-449F-AFC2-DB31ABB6F218}"
EndProject
Project("{FAE04EC0-301F-11D3-BF4B-00C04F79EFBC}") = "ZBWZ", "ZBWZ\ZBWZ.csproj", "{AAEF7FA1-6B0F-4D2E-8F7D-F838BD7AD057}"
EndProject
Project("{FAE04EC0-301F-11D3-BF4B-00C04F79EFBC}") = "TestThread", "TestThread\TestThread.csproj", "{D10BD753-B3E7-4664-9588-8933D9C506A2}"
EndProject
Project("{FAE04EC0-301F-11D3-BF4B-00C04F79EFBC}") = "Test_Roll", "Test_Roll\Test_Roll.csproj", "{C6DF216B-1772-422B-99D4-676E20BB940E}"
EndProject
Project("{FAE04EC0-301F-11D3-BF4B-00C04F79EFBC}") = "Test_RollWPFClient", "Test_RollWPFClient\Test_RollWPFClient.csproj", "{7CC27205-1B28-4DB2-A299-AD7431BAD89D}"
EndProject
Project("{FAE04EC0-301F-11D3-BF4B-00C04F79EFBC}") = "ZBWZ_DDZServer", "ZBWZ_DDZServer\ZBWZ_DDZServer.csproj", "{3879733E-FC11-484E-B169-713E0AA441F0}"
EndProject
Project("{FAE04EC0-301F-11D3-BF4B-00C04F79EFBC}") = "ZBWZ_DDZProxy", "ZBWZ_DDZProxy\ZBWZ_DDZProxy.csproj", "{A88A0F02-2606-4705-ABF9-C3010093EB2D}"
EndProject
Project("{FAE04EC0-301F-11D3-BF4B-00C04F79EFBC}") = "ZBWZ_DDZClient", "ZBWZ_DDZClient\ZBWZ_DDZClient.csproj", "{18A20CF4-4DBB-48DE-861E-59FA28112606}"
EndProject
Project("{FAE04EC0-301F-11D3-BF4B-00C04F79EFBC}") = "ZBWZ_GameMain", "ZBWZ_GameMain\ZBWZ_GameMain.csproj", "{19F40B65-92B4-44CF-AB42-8197F0DCDAB4}"
EndProject
Global
	GlobalSection(SubversionScc) = preSolution
		Svn-Managed = True
		Manager = AnkhSVN - Subversion Support for Visual Studio
	EndGlobalSection
	GlobalSection(SolutionConfigurationPlatforms) = preSolution
		Debug|Any CPU = Debug|Any CPU
		Release|Any CPU = Release|Any CPU
	EndGlobalSection
	GlobalSection(ProjectConfigurationPlatforms) = postSolution
		{B5FB0399-580B-4F40-8AF1-3999FC6312CB}.Debug|Any CPU.ActiveCfg = Debug|Any CPU
		{B5FB0399-580B-4F40-8AF1-3999FC6312CB}.Debug|Any CPU.Build.0 = Debug|Any CPU
		{B5FB0399-580B-4F40-8AF1-3999FC6312CB}.Release|Any CPU.ActiveCfg = Release|Any CPU
		{B5FB0399-580B-4F40-8AF1-3999FC6312CB}.Release|Any CPU.Build.0 = Release|Any CPU
		{EB257EA3-E3D8-4BCD-AE21-1C8E5A3E2E2F}.Debug|Any CPU.ActiveCfg = Debug|Any CPU
		{EB257EA3-E3D8-4BCD-AE21-1C8E5A3E2E2F}.Debug|Any CPU.Build.0 = Debug|Any CPU
		{EB257EA3-E3D8-4BCD-AE21-1C8E5A3E2E2F}.Release|Any CPU.ActiveCfg = Release|Any CPU
		{EB257EA3-E3D8-4BCD-AE21-1C8E5A3E2E2F}.Release|Any CPU.Build.0 = Release|Any CPU
		{19891425-AAAF-42CF-B18D-EE44CA615F00}.Debug|Any CPU.ActiveCfg = Debug|Any CPU
		{19891425-AAAF-42CF-B18D-EE44CA615F00}.Debug|Any CPU.Build.0 = Debug|Any CPU
		{19891425-AAAF-42CF-B18D-EE44CA615F00}.Release|Any CPU.ActiveCfg = Release|Any CPU
		{19891425-AAAF-42CF-B18D-EE44CA615F00}.Release|Any CPU.Build.0 = Release|Any CPU
		{94780E41-9078-4D3B-B2FD-464A0B54D79D}.Debug|Any CPU.ActiveCfg = Debug|Any CPU
		{94780E41-9078-4D3B-B2FD-464A0B54D79D}.Debug|Any CPU.Build.0 = Debug|Any CPU
		{94780E41-9078-4D3B-B2FD-464A0B54D79D}.Release|Any CPU.ActiveCfg = Release|Any CPU
		{94780E41-9078-4D3B-B2FD-464A0B54D79D}.Release|Any CPU.Build.0 = Release|Any CPU
		{3A6B3A6A-2EE3-4A39-9B85-B903B7E7E038}.Debug|Any CPU.ActiveCfg = Debug|Any CPU
		{3A6B3A6A-2EE3-4A39-9B85-B903B7E7E038}.Debug|Any CPU.Build.0 = Debug|Any CPU
		{3A6B3A6A-2EE3-4A39-9B85-B903B7E7E038}.Release|Any CPU.ActiveCfg = Release|Any CPU
		{3A6B3A6A-2EE3-4A39-9B85-B903B7E7E038}.Release|Any CPU.Build.0 = Release|Any CPU
		{BCF3DAA8-8ED5-4F40-A14D-4787198143D5}.Debug|Any CPU.ActiveCfg = Debug|Any CPU
		{BCF3DAA8-8ED5-4F40-A14D-4787198143D5}.Debug|Any CPU.Build.0 = Debug|Any CPU
		{BCF3DAA8-8ED5-4F40-A14D-4787198143D5}.Release|Any CPU.ActiveCfg = Release|Any CPU
		{BCF3DAA8-8ED5-4F40-A14D-4787198143D5}.Release|Any CPU.Build.0 = Release|Any CPU
		{301592A6-B6EA-44A3-A24D-7C4CCAC4726C}.Debug|Any CPU.ActiveCfg = Debug|Any CPU
		{301592A6-B6EA-44A3-A24D-7C4CCAC4726C}.Debug|Any CPU.Build.0 = Debug|Any CPU
		{301592A6-B6EA-44A3-A24D-7C4CCAC4726C}.Release|Any CPU.ActiveCfg = Release|Any CPU
		{301592A6-B6EA-44A3-A24D-7C4CCAC4726C}.Release|Any CPU.Build.0 = Release|Any CPU
		{E25166B3-E855-4358-B7EA-D6146A9B3E45}.Debug|Any CPU.ActiveCfg = Debug|Any CPU
		{E25166B3-E855-4358-B7EA-D6146A9B3E45}.Debug|Any CPU.Build.0 = Debug|Any CPU
		{E25166B3-E855-4358-B7EA-D6146A9B3E45}.Release|Any CPU.ActiveCfg = Release|Any CPU
		{E25166B3-E855-4358-B7EA-D6146A9B3E45}.Release|Any CPU.Build.0 = Release|Any CPU
		{5E8E1E2D-8FBE-4BE8-8E57-A9BBE81A6FAD}.Debug|Any CPU.ActiveCfg = Debug|Any CPU
		{5E8E1E2D-8FBE-4BE8-8E57-A9BBE81A6FAD}.Debug|Any CPU.Build.0 = Debug|Any CPU
		{5E8E1E2D-8FBE-4BE8-8E57-A9BBE81A6FAD}.Release|Any CPU.ActiveCfg = Release|Any CPU
		{5E8E1E2D-8FBE-4BE8-8E57-A9BBE81A6FAD}.Release|Any CPU.Build.0 = Release|Any CPU
		{22CFD82D-2429-4947-B59D-7534D44E5E38}.Debug|Any CPU.ActiveCfg = Debug|Any CPU
		{22CFD82D-2429-4947-B59D-7534D44E5E38}.Debug|Any CPU.Build.0 = Debug|Any CPU
		{22CFD82D-2429-4947-B59D-7534D44E5E38}.Release|Any CPU.ActiveCfg = Release|Any CPU
		{22CFD82D-2429-4947-B59D-7534D44E5E38}.Release|Any CPU.Build.0 = Release|Any CPU
		{5B1244A3-6E9C-449F-AFC2-DB31ABB6F218}.Debug|Any CPU.ActiveCfg = Debug|Any CPU
		{5B1244A3-6E9C-449F-AFC2-DB31ABB6F218}.Debug|Any CPU.Build.0 = Debug|Any CPU
		{5B1244A3-6E9C-449F-AFC2-DB31ABB6F218}.Release|Any CPU.ActiveCfg = Release|Any CPU
		{5B1244A3-6E9C-449F-AFC2-DB31ABB6F218}.Release|Any CPU.Build.0 = Release|Any CPU
		{AAEF7FA1-6B0F-4D2E-8F7D-F838BD7AD057}.Debug|Any CPU.ActiveCfg = Debug|Any CPU
		{AAEF7FA1-6B0F-4D2E-8F7D-F838BD7AD057}.Debug|Any CPU.Build.0 = Debug|Any CPU
		{AAEF7FA1-6B0F-4D2E-8F7D-F838BD7AD057}.Release|Any CPU.ActiveCfg = Release|Any CPU
		{AAEF7FA1-6B0F-4D2E-8F7D-F838BD7AD057}.Release|Any CPU.Build.0 = Release|Any CPU
		{D10BD753-B3E7-4664-9588-8933D9C506A2}.Debug|Any CPU.ActiveCfg = Debug|Any CPU
		{D10BD753-B3E7-4664-9588-8933D9C506A2}.Debug|Any CPU.Build.0 = Debug|Any CPU
		{D10BD753-B3E7-4664-9588-8933D9C506A2}.Release|Any CPU.ActiveCfg = Release|Any CPU
		{D10BD753-B3E7-4664-9588-8933D9C506A2}.Release|Any CPU.Build.0 = Release|Any CPU
		{C6DF216B-1772-422B-99D4-676E20BB940E}.Debug|Any CPU.ActiveCfg = Debug|Any CPU
		{C6DF216B-1772-422B-99D4-676E20BB940E}.Debug|Any CPU.Build.0 = Debug|Any CPU
		{C6DF216B-1772-422B-99D4-676E20BB940E}.Release|Any CPU.ActiveCfg = Release|Any CPU
		{C6DF216B-1772-422B-99D4-676E20BB940E}.Release|Any CPU.Build.0 = Release|Any CPU
		{7CC27205-1B28-4DB2-A299-AD7431BAD89D}.Debug|Any CPU.ActiveCfg = Debug|Any CPU
		{7CC27205-1B28-4DB2-A299-AD7431BAD89D}.Debug|Any CPU.Build.0 = Debug|Any CPU
		{7CC27205-1B28-4DB2-A299-AD7431BAD89D}.Release|Any CPU.ActiveCfg = Release|Any CPU
		{7CC27205-1B28-4DB2-A299-AD7431BAD89D}.Release|Any CPU.Build.0 = Release|Any CPU
		{3879733E-FC11-484E-B169-713E0AA441F0}.Debug|Any CPU.ActiveCfg = Debug|Any CPU
		{3879733E-FC11-484E-B169-713E0AA441F0}.Debug|Any CPU.Build.0 = Debug|Any CPU
		{3879733E-FC11-484E-B169-713E0AA441F0}.Release|Any CPU.ActiveCfg = Release|Any CPU
		{3879733E-FC11-484E-B169-713E0AA441F0}.Release|Any CPU.Build.0 = Release|Any CPU
		{A88A0F02-2606-4705-ABF9-C3010093EB2D}.Debug|Any CPU.ActiveCfg = Debug|Any CPU
		{A88A0F02-2606-4705-ABF9-C3010093EB2D}.Debug|Any CPU.Build.0 = Debug|Any CPU
		{A88A0F02-2606-4705-ABF9-C3010093EB2D}.Release|Any CPU.ActiveCfg = Release|Any CPU
		{A88A0F02-2606-4705-ABF9-C3010093EB2D}.Release|Any CPU.Build.0 = Release|Any CPU
		{18A20CF4-4DBB-48DE-861E-59FA28112606}.Debug|Any CPU.ActiveCfg = Debug|Any CPU
		{18A20CF4-4DBB-48DE-861E-59FA28112606}.Debug|Any CPU.Build.0 = Debug|Any CPU
		{18A20CF4-4DBB-48DE-861E-59FA28112606}.Release|Any CPU.ActiveCfg = Release|Any CPU
		{18A20CF4-4DBB-48DE-861E-59FA28112606}.Release|Any CPU.Build.0 = Release|Any CPU
		{19F40B65-92B4-44CF-AB42-8197F0DCDAB4}.Debug|Any CPU.ActiveCfg = Debug|Any CPU
		{19F40B65-92B4-44CF-AB42-8197F0DCDAB4}.Debug|Any CPU.Build.0 = Debug|Any CPU
		{19F40B65-92B4-44CF-AB42-8197F0DCDAB4}.Release|Any CPU.ActiveCfg = Release|Any CPU
		{19F40B65-92B4-44CF-AB42-8197F0DCDAB4}.Release|Any CPU.Build.0 = Release|Any CPU
	EndGlobalSection
	GlobalSection(SolutionProperties) = preSolution
		HideSolutionNode = FALSE
	EndGlobalSection
EndGlobal
